// !$*UTF8*$!
{
	archiveVersion = 1;
	classes = {
	};
	objectVersion = 46;
	objects = {

/* Begin PBXBuildFile section */
		69291B2151B1AF79F54FEA85 /* Pods_BCEXRate.framework in Frameworks */ = {isa = PBXBuildFile; fileRef = 959639B7F969695F95F9F2FA /* Pods_BCEXRate.framework */; };
		C15888061D5E17A200200D34 /* AppDelegate.swift in Sources */ = {isa = PBXBuildFile; fileRef = C15888051D5E17A200200D34 /* AppDelegate.swift */; };
		C15888081D5E17A200200D34 /* ViewController.swift in Sources */ = {isa = PBXBuildFile; fileRef = C15888071D5E17A200200D34 /* ViewController.swift */; };
		C158880B1D5E17A200200D34 /* Main.storyboard in Resources */ = {isa = PBXBuildFile; fileRef = C15888091D5E17A200200D34 /* Main.storyboard */; };
		C158880D1D5E17A200200D34 /* Assets.xcassets in Resources */ = {isa = PBXBuildFile; fileRef = C158880C1D5E17A200200D34 /* Assets.xcassets */; };
		C15888101D5E17A200200D34 /* LaunchScreen.storyboard in Resources */ = {isa = PBXBuildFile; fileRef = C158880E1D5E17A200200D34 /* LaunchScreen.storyboard */; };
		C158881B1D5E17A200200D34 /* BCEXRateTests.swift in Sources */ = {isa = PBXBuildFile; fileRef = C158881A1D5E17A200200D34 /* BCEXRateTests.swift */; };
		C15888261D5E17A200200D34 /* BCEXRateUITests.swift in Sources */ = {isa = PBXBuildFile; fileRef = C15888251D5E17A200200D34 /* BCEXRateUITests.swift */; };
		C15888341D5E17DD00200D34 /* CoinDeskClient.swift in Sources */ = {isa = PBXBuildFile; fileRef = C15888331D5E17DD00200D34 /* CoinDeskClient.swift */; };
		C1A6830E1D5F4F650013F769 /* Charts.framework in Frameworks */ = {isa = PBXBuildFile; fileRef = C1A6830D1D5F4F650013F769 /* Charts.framework */; };
		C1A683101D5F4F6F0013F769 /* Foundation.framework in Frameworks */ = {isa = PBXBuildFile; fileRef = C1A6830F1D5F4F6F0013F769 /* Foundation.framework */; };
		C1A683121D5F52E50013F769 /* Constants.swift in Sources */ = {isa = PBXBuildFile; fileRef = C1A683111D5F52E50013F769 /* Constants.swift */; };
/* End PBXBuildFile section */

/* Begin PBXContainerItemProxy section */
		C15888171D5E17A200200D34 /* PBXContainerItemProxy */ = {
			isa = PBXContainerItemProxy;
			containerPortal = C15887FA1D5E17A200200D34 /* Project object */;
			proxyType = 1;
			remoteGlobalIDString = C15888011D5E17A200200D34;
			remoteInfo = BCEXRate;
		};
		C15888221D5E17A200200D34 /* PBXContainerItemProxy */ = {
			isa = PBXContainerItemProxy;
			containerPortal = C15887FA1D5E17A200200D34 /* Project object */;
			proxyType = 1;
			remoteGlobalIDString = C15888011D5E17A200200D34;
			remoteInfo = BCEXRate;
		};
/* End PBXContainerItemProxy section */

/* Begin PBXFileReference section */
		57011ED87AF662BFF33FCD50 /* Pods-BCEXRate.release.xcconfig */ = {isa = PBXFileReference; includeInIndex = 1; lastKnownFileType = text.xcconfig; name = "Pods-BCEXRate.release.xcconfig"; path = "Pods/Target Support Files/Pods-BCEXRate/Pods-BCEXRate.release.xcconfig"; sourceTree = "<group>"; };
		959639B7F969695F95F9F2FA /* Pods_BCEXRate.framework */ = {isa = PBXFileReference; explicitFileType = wrapper.framework; includeInIndex = 0; path = Pods_BCEXRate.framework; sourceTree = BUILT_PRODUCTS_DIR; };
		989B2D65D221FE9D0017E361 /* Pods-BCEXRate.debug.xcconfig */ = {isa = PBXFileReference; includeInIndex = 1; lastKnownFileType = text.xcconfig; name = "Pods-BCEXRate.debug.xcconfig"; path = "Pods/Target Support Files/Pods-BCEXRate/Pods-BCEXRate.debug.xcconfig"; sourceTree = "<group>"; };
		C15888021D5E17A200200D34 /* BCEXRate.app */ = {isa = PBXFileReference; explicitFileType = wrapper.application; includeInIndex = 0; path = BCEXRate.app; sourceTree = BUILT_PRODUCTS_DIR; };
		C15888051D5E17A200200D34 /* AppDelegate.swift */ = {isa = PBXFileReference; lastKnownFileType = sourcecode.swift; path = AppDelegate.swift; sourceTree = "<group>"; };
		C15888071D5E17A200200D34 /* ViewController.swift */ = {isa = PBXFileReference; lastKnownFileType = sourcecode.swift; path = ViewController.swift; sourceTree = "<group>"; };
		C158880A1D5E17A200200D34 /* Base */ = {isa = PBXFileReference; lastKnownFileType = file.storyboard; name = Base; path = Base.lproj/Main.storyboard; sourceTree = "<group>"; };
		C158880C1D5E17A200200D34 /* Assets.xcassets */ = {isa = PBXFileReference; lastKnownFileType = folder.assetcatalog; path = Assets.xcassets; sourceTree = "<group>"; };
		C158880F1D5E17A200200D34 /* Base */ = {isa = PBXFileReference; lastKnownFileType = file.storyboard; name = Base; path = Base.lproj/LaunchScreen.storyboard; sourceTree = "<group>"; };
		C15888111D5E17A200200D34 /* Info.plist */ = {isa = PBXFileReference; lastKnownFileType = text.plist.xml; path = Info.plist; sourceTree = "<group>"; };
		C15888161D5E17A200200D34 /* BCEXRateTests.xctest */ = {isa = PBXFileReference; explicitFileType = wrapper.cfbundle; includeInIndex = 0; path = BCEXRateTests.xctest; sourceTree = BUILT_PRODUCTS_DIR; };
		C158881A1D5E17A200200D34 /* BCEXRateTests.swift */ = {isa = PBXFileReference; lastKnownFileType = sourcecode.swift; path = BCEXRateTests.swift; sourceTree = "<group>"; };
		C158881C1D5E17A200200D34 /* Info.plist */ = {isa = PBXFileReference; lastKnownFileType = text.plist.xml; path = Info.plist; sourceTree = "<group>"; };
		C15888211D5E17A200200D34 /* BCEXRateUITests.xctest */ = {isa = PBXFileReference; explicitFileType = wrapper.cfbundle; includeInIndex = 0; path = BCEXRateUITests.xctest; sourceTree = BUILT_PRODUCTS_DIR; };
		C15888251D5E17A200200D34 /* BCEXRateUITests.swift */ = {isa = PBXFileReference; lastKnownFileType = sourcecode.swift; path = BCEXRateUITests.swift; sourceTree = "<group>"; };
		C15888271D5E17A200200D34 /* Info.plist */ = {isa = PBXFileReference; lastKnownFileType = text.plist.xml; path = Info.plist; sourceTree = "<group>"; };
		C15888331D5E17DD00200D34 /* CoinDeskClient.swift */ = {isa = PBXFileReference; fileEncoding = 4; lastKnownFileType = sourcecode.swift; path = CoinDeskClient.swift; sourceTree = "<group>"; };
		C1A6830D1D5F4F650013F769 /* Charts.framework */ = {isa = PBXFileReference; lastKnownFileType = wrapper.framework; name = Charts.framework; path = "../../../Library/Developer/Xcode/DerivedData/BCEXRate-fjgoplvbnpgiqudykqjyhtuvxbtr/Build/Products/Debug-iphonesimulator/Charts.framework"; sourceTree = "<group>"; };
		C1A6830F1D5F4F6F0013F769 /* Foundation.framework */ = {isa = PBXFileReference; lastKnownFileType = wrapper.framework; name = Foundation.framework; path = System/Library/Frameworks/Foundation.framework; sourceTree = SDKROOT; };
		C1A683111D5F52E50013F769 /* Constants.swift */ = {isa = PBXFileReference; fileEncoding = 4; lastKnownFileType = sourcecode.swift; path = Constants.swift; sourceTree = "<group>"; };
/* End PBXFileReference section */

/* Begin PBXFrameworksBuildPhase section */
		C15887FF1D5E17A200200D34 /* Frameworks */ = {
			isa = PBXFrameworksBuildPhase;
			buildActionMask = 2147483647;
			files = (
				C1A683101D5F4F6F0013F769 /* Foundation.framework in Frameworks */,
				C1A6830E1D5F4F650013F769 /* Charts.framework in Frameworks */,
				69291B2151B1AF79F54FEA85 /* Pods_BCEXRate.framework in Frameworks */,
			);
			runOnlyForDeploymentPostprocessing = 0;
		};
		C15888131D5E17A200200D34 /* Frameworks */ = {
			isa = PBXFrameworksBuildPhase;
			buildActionMask = 2147483647;
			files = (
			);
			runOnlyForDeploymentPostprocessing = 0;
		};
		C158881E1D5E17A200200D34 /* Frameworks */ = {
			isa = PBXFrameworksBuildPhase;
			buildActionMask = 2147483647;
			files = (
			);
			runOnlyForDeploymentPostprocessing = 0;
		};
/* End PBXFrameworksBuildPhase section */

/* Begin PBXGroup section */
		9859ED08EF9C86F662B588D5 /* Pods */ = {
			isa = PBXGroup;
			children = (
				989B2D65D221FE9D0017E361 /* Pods-BCEXRate.debug.xcconfig */,
				57011ED87AF662BFF33FCD50 /* Pods-BCEXRate.release.xcconfig */,
			);
			name = Pods;
			sourceTree = "<group>";
		};
		C15887F91D5E17A200200D34 = {
			isa = PBXGroup;
			children = (
				C15888041D5E17A200200D34 /* BCEXRate */,
				C15888191D5E17A200200D34 /* BCEXRateTests */,
				C15888241D5E17A200200D34 /* BCEXRateUITests */,
				C15888031D5E17A200200D34 /* Products */,
				9859ED08EF9C86F662B588D5 /* Pods */,
				E54ECC6B0C29A56A59BEC714 /* Frameworks */,
			);
			sourceTree = "<group>";
		};
		C15888031D5E17A200200D34 /* Products */ = {
			isa = PBXGroup;
			children = (
				C15888021D5E17A200200D34 /* BCEXRate.app */,
				C15888161D5E17A200200D34 /* BCEXRateTests.xctest */,
				C15888211D5E17A200200D34 /* BCEXRateUITests.xctest */,
			);
			name = Products;
			sourceTree = "<group>";
		};
		C15888041D5E17A200200D34 /* BCEXRate */ = {
			isa = PBXGroup;
			children = (
				C15888051D5E17A200200D34 /* AppDelegate.swift */,
				C15888071D5E17A200200D34 /* ViewController.swift */,
				C15888091D5E17A200200D34 /* Main.storyboard */,
				C158880C1D5E17A200200D34 /* Assets.xcassets */,
				C158880E1D5E17A200200D34 /* LaunchScreen.storyboard */,
				C15888111D5E17A200200D34 /* Info.plist */,
				C15888331D5E17DD00200D34 /* CoinDeskClient.swift */,
				C1A683111D5F52E50013F769 /* Constants.swift */,
			);
			path = BCEXRate;
			sourceTree = "<group>";
		};
		C15888191D5E17A200200D34 /* BCEXRateTests */ = {
			isa = PBXGroup;
			children = (
				C158881A1D5E17A200200D34 /* BCEXRateTests.swift */,
				C158881C1D5E17A200200D34 /* Info.plist */,
			);
			path = BCEXRateTests;
			sourceTree = "<group>";
		};
		C15888241D5E17A200200D34 /* BCEXRateUITests */ = {
			isa = PBXGroup;
			children = (
				C15888251D5E17A200200D34 /* BCEXRateUITests.swift */,
				C15888271D5E17A200200D34 /* Info.plist */,
			);
			path = BCEXRateUITests;
			sourceTree = "<group>";
		};
		E54ECC6B0C29A56A59BEC714 /* Frameworks */ = {
			isa = PBXGroup;
			children = (
				C1A6830F1D5F4F6F0013F769 /* Foundation.framework */,
				C1A6830D1D5F4F650013F769 /* Charts.framework */,
				959639B7F969695F95F9F2FA /* Pods_BCEXRate.framework */,
			);
			name = Frameworks;
			sourceTree = "<group>";
		};
/* End PBXGroup section */

/* Begin PBXNativeTarget section */
		C15888011D5E17A200200D34 /* BCEXRate */ = {
			isa = PBXNativeTarget;
			buildConfigurationList = C158882A1D5E17A200200D34 /* Build configuration list for PBXNativeTarget "BCEXRate" */;
			buildPhases = (
				9032F823E3C5CB791DA3E7C1 /* Check Pods Manifest.lock */,
				C15887FE1D5E17A200200D34 /* Sources */,
				C15887FF1D5E17A200200D34 /* Frameworks */,
				C15888001D5E17A200200D34 /* Resources */,
				FF7A11A38554A5252771E666 /* Embed Pods Frameworks */,
				F912AD2A28B595605F22F735 /* Copy Pods Resources */,
			);
			buildRules = (
			);
			dependencies = (
			);
			name = BCEXRate;
			productName = BCEXRate;
			productReference = C15888021D5E17A200200D34 /* BCEXRate.app */;
			productType = "com.apple.product-type.application";
		};
		C15888151D5E17A200200D34 /* BCEXRateTests */ = {
			isa = PBXNativeTarget;
			buildConfigurationList = C158882D1D5E17A200200D34 /* Build configuration list for PBXNativeTarget "BCEXRateTests" */;
			buildPhases = (
				C15888121D5E17A200200D34 /* Sources */,
				C15888131D5E17A200200D34 /* Frameworks */,
				C15888141D5E17A200200D34 /* Resources */,
			);
			buildRules = (
			);
			dependencies = (
				C15888181D5E17A200200D34 /* PBXTargetDependency */,
			);
			name = BCEXRateTests;
			productName = BCEXRateTests;
			productReference = C15888161D5E17A200200D34 /* BCEXRateTests.xctest */;
			productType = "com.apple.product-type.bundle.unit-test";
		};
		C15888201D5E17A200200D34 /* BCEXRateUITests */ = {
			isa = PBXNativeTarget;
			buildConfigurationList = C15888301D5E17A200200D34 /* Build configuration list for PBXNativeTarget "BCEXRateUITests" */;
			buildPhases = (
				C158881D1D5E17A200200D34 /* Sources */,
				C158881E1D5E17A200200D34 /* Frameworks */,
				C158881F1D5E17A200200D34 /* Resources */,
			);
			buildRules = (
			);
			dependencies = (
				C15888231D5E17A200200D34 /* PBXTargetDependency */,
			);
			name = BCEXRateUITests;
			productName = BCEXRateUITests;
			productReference = C15888211D5E17A200200D34 /* BCEXRateUITests.xctest */;
			productType = "com.apple.product-type.bundle.ui-testing";
		};
/* End PBXNativeTarget section */

/* Begin PBXProject section */
		C15887FA1D5E17A200200D34 /* Project object */ = {
			isa = PBXProject;
			attributes = {
				LastSwiftUpdateCheck = 0730;
				LastUpgradeCheck = 0730;
				ORGANIZATIONNAME = "Juho Pispa";
				TargetAttributes = {
					C15888011D5E17A200200D34 = {
						CreatedOnToolsVersion = 7.3;
						DevelopmentTeam = DME5MQMHQ6;
					};
					C15888151D5E17A200200D34 = {
						CreatedOnToolsVersion = 7.3;
						TestTargetID = C15888011D5E17A200200D34;
					};
					C15888201D5E17A200200D34 = {
						CreatedOnToolsVersion = 7.3;
						TestTargetID = C15888011D5E17A200200D34;
					};
				};
			};
			buildConfigurationList = C15887FD1D5E17A200200D34 /* Build configuration list for PBXProject "BCEXRate" */;
			compatibilityVersion = "Xcode 3.2";
			developmentRegion = English;
			hasScannedForEncodings = 0;
			knownRegions = (
				en,
				Base,
			);
			mainGroup = C15887F91D5E17A200200D34;
			productRefGroup = C15888031D5E17A200200D34 /* Products */;
			projectDirPath = "";
			projectRoot = "";
			targets = (
				C15888011D5E17A200200D34 /* BCEXRate */,
				C15888151D5E17A200200D34 /* BCEXRateTests */,
				C15888201D5E17A200200D34 /* BCEXRateUITests */,
			);
		};
/* End PBXProject section */

/* Begin PBXResourcesBuildPhase section */
		C15888001D5E17A200200D34 /* Resources */ = {
			isa = PBXResourcesBuildPhase;
			buildActionMask = 2147483647;
			files = (
				C15888101D5E17A200200D34 /* LaunchScreen.storyboard in Resources */,
				C158880D1D5E17A200200D34 /* Assets.xcassets in Resources */,
				C158880B1D5E17A200200D34 /* Main.storyboard in Resources */,
			);
			runOnlyForDeploymentPostprocessing = 0;
		};
		C15888141D5E17A200200D34 /* Resources */ = {
			isa = PBXResourcesBuildPhase;
			buildActionMask = 2147483647;
			files = (
			);
			runOnlyForDeploymentPostprocessing = 0;
		};
		C158881F1D5E17A200200D34 /* Resources */ = {
			isa = PBXResourcesBuildPhase;
			buildActionMask = 2147483647;
			files = (
			);
			runOnlyForDeploymentPostprocessing = 0;
		};
/* End PBXResourcesBuildPhase section */

/* Begin PBXShellScriptBuildPhase section */
		9032F823E3C5CB791DA3E7C1 /* Check Pods Manifest.lock */ = {
			isa = PBXShellScriptBuildPhase;
			buildActionMask = 2147483647;
			files = (
			);
			inputPaths = (
			);
			name = "Check Pods Manifest.lock";
			outputPaths = (
			);
			runOnlyForDeploymentPostprocessing = 0;
			shellPath = /bin/sh;
			shellScript = "diff \"${PODS_ROOT}/../Podfile.lock\" \"${PODS_ROOT}/Manifest.lock\" > /dev/null\nif [[ $? != 0 ]] ; then\n    cat << EOM\nerror: The sandbox is not in sync with the Podfile.lock. Run 'pod install' or update your CocoaPods installation.\nEOM\n    exit 1\nfi\n";
			showEnvVarsInLog = 0;
		};
		F912AD2A28B595605F22F735 /* Copy Pods Resources */ = {
			isa = PBXShellScriptBuildPhase;
			buildActionMask = 2147483647;
			files = (
			);
			inputPaths = (
			);
			name = "Copy Pods Resources";
			outputPaths = (
			);
			runOnlyForDeploymentPostprocessing = 0;
			shellPath = /bin/sh;
			shellScript = "\"${SRCROOT}/Pods/Target Support Files/Pods-BCEXRate/Pods-BCEXRate-resources.sh\"\n";
			showEnvVarsInLog = 0;
		};
		FF7A11A38554A5252771E666 /* Embed Pods Frameworks */ = {
			isa = PBXShellScriptBuildPhase;
			buildActionMask = 2147483647;
			files = (
			);
			inputPaths = (
			);
			name = "Embed Pods Frameworks";
			outputPaths = (
			);
			runOnlyForDeploymentPostprocessing = 0;
			shellPath = /bin/sh;
			shellScript = "\"${SRCROOT}/Pods/Target Support Files/Pods-BCEXRate/Pods-BCEXRate-frameworks.sh\"\n";
			showEnvVarsInLog = 0;
		};
/* End PBXShellScriptBuildPhase section */

/* Begin PBXSourcesBuildPhase section */
		C15887FE1D5E17A200200D34 /* Sources */ = {
			isa = PBXSourcesBuildPhase;
			buildActionMask = 2147483647;
			files = (
				C1A683121D5F52E50013F769 /* Constants.swift in Sources */,
				C15888341D5E17DD00200D34 /* CoinDeskClient.swift in Sources */,
				C15888081D5E17A200200D34 /* ViewController.swift in Sources */,
				C15888061D5E17A200200D34 /* AppDelegate.swift in Sources */,
			);
			runOnlyForDeploymentPostprocessing = 0;
		};
		C15888121D5E17A200200D34 /* Sources */ = {
			isa = PBXSourcesBuildPhase;
			buildActionMask = 2147483647;
			files = (
				C158881B1D5E17A200200D34 /* BCEXRateTests.swift in Sources */,
			);
			runOnlyForDeploymentPostprocessing = 0;
		};
		C158881D1D5E17A200200D34 /* Sources */ = {
			isa = PBXSourcesBuildPhase;
			buildActionMask = 2147483647;
			files = (
				C15888261D5E17A200200D34 /* BCEXRateUITests.swift in Sources */,
			);
			runOnlyForDeploymentPostprocessing = 0;
		};
/* End PBXSourcesBuildPhase section */

/* Begin PBXTargetDependency section */
		C15888181D5E17A200200D34 /* PBXTargetDependency */ = {
			isa = PBXTargetDependency;
			target = C15888011D5E17A200200D34 /* BCEXRate */;
			targetProxy = C15888171D5E17A200200D34 /* PBXContainerItemProxy */;
		};
		C15888231D5E17A200200D34 /* PBXTargetDependency */ = {
			isa = PBXTargetDependency;
			target = C15888011D5E17A200200D34 /* BCEXRate */;
			targetProxy = C15888221D5E17A200200D34 /* PBXContainerItemProxy */;
		};
/* End PBXTargetDependency section */

/* Begin PBXVariantGroup section */
		C15888091D5E17A200200D34 /* Main.storyboard */ = {
			isa = PBXVariantGroup;
			children = (
				C158880A1D5E17A200200D34 /* Base */,
			);
			name = Main.storyboard;
			sourceTree = "<group>";
		};
		C158880E1D5E17A200200D34 /* LaunchScreen.storyboard */ = {
			isa = PBXVariantGroup;
			children = (
				C158880F1D5E17A200200D34 /* Base */,
			);
			name = LaunchScreen.storyboard;
			sourceTree = "<group>";
		};
/* End PBXVariantGroup section */

/* Begin XCBuildConfiguration section */
		C15888281D5E17A200200D34 /* Debug */ = {
			isa = XCBuildConfiguration;
			buildSettings = {
				ALWAYS_SEARCH_USER_PATHS = NO;
				CLANG_ANALYZER_NONNULL = YES;
				CLANG_CXX_LANGUAGE_STANDARD = "gnu++0x";
				CLANG_CXX_LIBRARY = "libc++";
				CLANG_ENABLE_MODULES = YES;
				CLANG_ENABLE_OBJC_ARC = YES;
				CLANG_WARN_BOOL_CONVERSION = YES;
				CLANG_WARN_CONSTANT_CONVERSION = YES;
				CLANG_WARN_DIRECT_OBJC_ISA_USAGE = YES_ERROR;
				CLANG_WARN_EMPTY_BODY = YES;
				CLANG_WARN_ENUM_CONVERSION = YES;
				CLANG_WARN_INT_CONVERSION = YES;
				CLANG_WARN_OBJC_ROOT_CLASS = YES_ERROR;
				CLANG_WARN_UNREACHABLE_CODE = YES;
				CLANG_WARN__DUPLICATE_METHOD_MATCH = YES;
				"CODE_SIGN_IDENTITY[sdk=iphoneos*]" = "iPhone Developer";
				COPY_PHASE_STRIP = NO;
				DEBUG_INFORMATION_FORMAT = dwarf;
				ENABLE_STRICT_OBJC_MSGSEND = YES;
				ENABLE_TESTABILITY = YES;
				GCC_C_LANGUAGE_STANDARD = gnu99;
				GCC_DYNAMIC_NO_PIC = NO;
				GCC_NO_COMMON_BLOCKS = YES;
				GCC_OPTIMIZATION_LEVEL = 0;
				GCC_PREPROCESSOR_DEFINITIONS = (
					"DEBUG=1",
					"$(inherited)",
				);
				GCC_WARN_64_TO_32_BIT_CONVERSION = YES;
				GCC_WARN_ABOUT_RETURN_TYPE = YES_ERROR;
				GCC_WARN_UNDECLARED_SELECTOR = YES;
				GCC_WARN_UNINITIALIZED_AUTOS = YES_AGGRESSIVE;
				GCC_WARN_UNUSED_FUNCTION = YES;
				GCC_WARN_UNUSED_VARIABLE = YES;
				IPHONEOS_DEPLOYMENT_TARGET = 9.3;
				MTL_ENABLE_DEBUG_INFO = YES;
				ONLY_ACTIVE_ARCH = YES;
				SDKROOT = iphoneos;
				SWIFT_OPTIMIZATION_LEVEL = "-Onone";
				TARGETED_DEVICE_FAMILY = "1,2";
			};
			name = Debug;
		};
		C15888291D5E17A200200D34 /* Release */ = {
			isa = XCBuildConfiguration;
			buildSettings = {
				ALWAYS_SEARCH_USER_PATHS = NO;
				CLANG_ANALYZER_NONNULL = YES;
				CLANG_CXX_LANGUAGE_STANDARD = "gnu++0x";
				CLANG_CXX_LIBRARY = "libc++";
				CLANG_ENABLE_MODULES = YES;
				CLANG_ENABLE_OBJC_ARC = YES;
				CLANG_WARN_BOOL_CONVERSION = YES;
				CLANG_WARN_CONSTANT_CONVERSION = YES;
				CLANG_WARN_DIRECT_OBJC_ISA_USAGE = YES_ERROR;
				CLANG_WARN_EMPTY_BODY = YES;
				CLANG_WARN_ENUM_CONVERSION = YES;
				CLANG_WARN_INT_CONVERSION = YES;
				CLANG_WARN_OBJC_ROOT_CLASS = YES_ERROR;
				CLANG_WARN_UNREACHABLE_CODE = YES;
				CLANG_WARN__DUPLICATE_METHOD_MATCH = YES;
				"CODE_SIGN_IDENTITY[sdk=iphoneos*]" = "iPhone Developer";
				COPY_PHASE_STRIP = NO;
				DEBUG_INFORMATION_FORMAT = "dwarf-with-dsym";
				ENABLE_NS_ASSERTIONS = NO;
				ENABLE_STRICT_OBJC_MSGSEND = YES;
				GCC_C_LANGUAGE_STANDARD = gnu99;
				GCC_NO_COMMON_BLOCKS = YES;
				GCC_WARN_64_TO_32_BIT_CONVERSION = YES;
				GCC_WARN_ABOUT_RETURN_TYPE = YES_ERROR;
				GCC_WARN_UNDECLARED_SELECTOR = YES;
				GCC_WARN_UNINITIALIZED_AUTOS = YES_AGGRESSIVE;
				GCC_WARN_UNUSED_FUNCTION = YES;
				GCC_WARN_UNUSED_VARIABLE = YES;
				IPHONEOS_DEPLOYMENT_TARGET = 9.3;
				MTL_ENABLE_DEBUG_INFO = NO;
				SDKROOT = iphoneos;
				TARGETED_DEVICE_FAMILY = "1,2";
				VALIDATE_PRODUCT = YES;
			};
			name = Release;
		};
		C158882B1D5E17A200200D34 /* Debug */ = {
			isa = XCBuildConfiguration;
			baseConfigurationReference = 989B2D65D221FE9D0017E361 /* Pods-BCEXRate.debug.xcconfig */;
			buildSettings = {
				ASSETCATALOG_COMPILER_APPICON_NAME = AppIcon;
				CODE_SIGN_IDENTITY = "iPhone Developer";
				"CODE_SIGN_IDENTITY[sdk=iphoneos*]" = "iPhone Developer";
				INFOPLIST_FILE = BCEXRate/Info.plist;
				LD_RUNPATH_SEARCH_PATHS = "$(inherited) @executable_path/Frameworks";
				PRODUCT_BUNDLE_IDENTIFIER = "-39.BCEXRate";
				PRODUCT_NAME = "$(TARGET_NAME)";
				PROVISIONING_PROFILE = "";
			};
			name = Debug;
		};
		C158882C1D5E17A200200D34 /* Release */ = {
			isa = XCBuildConfiguration;
			baseConfigurationReference = 57011ED87AF662BFF33FCD50 /* Pods-BCEXRate.release.xcconfig */;
			buildSettings = {
				ASSETCATALOG_COMPILER_APPICON_NAME = AppIcon;
				CODE_SIGN_IDENTITY = "iPhone Developer";
				"CODE_SIGN_IDENTITY[sdk=iphoneos*]" = "iPhone Developer";
				INFOPLIST_FILE = BCEXRate/Info.plist;
				LD_RUNPATH_SEARCH_PATHS = "$(inherited) @executable_path/Frameworks";
				PRODUCT_BUNDLE_IDENTIFIER = "-39.BCEXRate";
				PRODUCT_NAME = "$(TARGET_NAME)";
				PROVISIONING_PROFILE = "";
			};
			name = Release;
		};
		C158882E1D5E17A200200D34 /* Debug */ = {
			isa = XCBuildConfiguration;
			buildSettings = {
				BUNDLE_LOADER = "$(TEST_HOST)";
				INFOPLIST_FILE = BCEXRateTests/Info.plist;
				LD_RUNPATH_SEARCH_PATHS = "$(inherited) @executable_path/Frameworks @loader_path/Frameworks";
				PRODUCT_BUNDLE_IDENTIFIER = "-39.BCEXRateTests";
				PRODUCT_NAME = "$(TARGET_NAME)";
				TEST_HOST = "$(BUILT_PRODUCTS_DIR)/BCEXRate.app/BCEXRate";
			};
			name = Debug;
		};
		C158882F1D5E17A200200D34 /* Release */ = {
			isa = XCBuildConfiguration;
			buildSettings = {
				BUNDLE_LOADER = "$(TEST_HOST)";
				INFOPLIST_FILE = BCEXRateTests/Info.plist;
				LD_RUNPATH_SEARCH_PATHS = "$(inherited) @executable_path/Frameworks @loader_path/Frameworks";
				PRODUCT_BUNDLE_IDENTIFIER = "-39.BCEXRateTests";
				PRODUCT_NAME = "$(TARGET_NAME)";
				TEST_HOST = "$(BUILT_PRODUCTS_DIR)/BCEXRate.app/BCEXRate";
			};
			name = Release;
		};
		C15888311D5E17A200200D34 /* Debug */ = {
			isa = XCBuildConfiguration;
			buildSettings = {
				INFOPLIST_FILE = BCEXRateUITests/Info.plist;
				LD_RUNPATH_SEARCH_PATHS = "$(inherited) @executable_path/Frameworks @loader_path/Frameworks";
				PRODUCT_BUNDLE_IDENTIFIER = "-39.BCEXRateUITests";
				PRODUCT_NAME = "$(TARGET_NAME)";
				TEST_TARGET_NAME = BCEXRate;
			};
			name = Debug;
		};
		C15888321D5E17A200200D34 /* Release */ = {
			isa = XCBuildConfiguration;
			buildSettings = {
				INFOPLIST_FILE = BCEXRateUITests/Info.plist;
				LD_RUNPATH_SEARCH_PATHS = "$(inherited) @executable_path/Frameworks @loader_path/Frameworks";
				PRODUCT_BUNDLE_IDENTIFIER = "-39.BCEXRateUITests";
				PRODUCT_NAME = "$(TARGET_NAME)";
				TEST_TARGET_NAME = BCEXRate;
			};
			name = Release;
		};
/* End XCBuildConfiguration section */

/* Begin XCConfigurationList section */
		C15887FD1D5E17A200200D34 /* Build configuration list for PBXProject "BCEXRate" */ = {
			isa = XCConfigurationList;
			buildConfigurations = (
				C15888281D5E17A200200D34 /* Debug */,
				C15888291D5E17A200200D34 /* Release */,
			);
			defaultConfigurationIsVisible = 0;
			defaultConfigurationName = Release;
		};
		C158882A1D5E17A200200D34 /* Build configuration list for PBXNativeTarget "BCEXRate" */ = {
			isa = XCConfigurationList;
			buildConfigurations = (
				C158882B1D5E17A200200D34 /* Debug */,
				C158882C1D5E17A200200D34 /* Release */,
			);
			defaultConfigurationIsVisible = 0;
			defaultConfigurationName = Release;
		};
		C158882D1D5E17A200200D34 /* Build configuration list for PBXNativeTarget "BCEXRateTests" */ = {
			isa = XCConfigurationList;
			buildConfigurations = (
				C158882E1D5E17A200200D34 /* Debug */,
				C158882F1D5E17A200200D34 /* Release */,
			);
			defaultConfigurationIsVisible = 0;
			defaultConfigurationName = Release;
		};
		C15888301D5E17A200200D34 /* Build configuration list for PBXNativeTarget "BCEXRateUITests" */ = {
			isa = XCConfigurationList;
			buildConfigurations = (
				C15888311D5E17A200200D34 /* Debug */,
				C15888321D5E17A200200D34 /* Release */,
			);
			defaultConfigurationIsVisible = 0;
			defaultConfigurationName = Release;
		};
/* End XCConfigurationList section */
	};
	rootObject = C15887FA1D5E17A200200D34 /* Project object */;
}
